{
  "name": "bloomfield",
  "lockfileVersion": 3,
  "requires": true,
  "packages": {
    "": {
      "dependencies": {
        "hfstol": "^0.0.3",
        "xmldoc": "^1.3.0"
      }
    },
    "node_modules/@types/bindings": {
      "version": "1.5.4",
      "resolved": "https://registry.npmjs.org/@types/bindings/-/bindings-1.5.4.tgz",
      "integrity": "sha512-wLUDtjma2BnKvWiKb2bpb32ze+y/nEeqqkqjv71c2zv55uE2MoAeviUFywcEQ/tkM894t5Pv6GBINtf+0Vmj3A==",
      "dependencies": {
        "@types/node": "*"
      }
    },
    "node_modules/@types/node": {
      "version": "20.9.2",
      "resolved": "https://registry.npmjs.org/@types/node/-/node-20.9.2.tgz",
      "integrity": "sha512-WHZXKFCEyIUJzAwh3NyyTHYSR35SevJ6mZ1nWwJafKtiQbqRTIKSRcw3Ma3acqgsent3RRDqeVwpHntMk+9irg==",
      "dependencies": {
        "undici-types": "~5.26.4"
      }
    },
    "node_modules/bindings": {
      "version": "1.5.0",
      "resolved": "https://registry.npmjs.org/bindings/-/bindings-1.5.0.tgz",
      "integrity": "sha512-p2q/t/mhvuOj/UeLlV6566GD/guowlr0hHxClI0W9m7MWYkL1F0hLo+0Aexs9HSPCtR1SXQ0TD3MMKrXZajbiQ==",
      "dependencies": {
        "file-uri-to-path": "1.0.0"
      }
    },
    "node_modules/file-uri-to-path": {
      "version": "1.0.0",
      "resolved": "https://registry.npmjs.org/file-uri-to-path/-/file-uri-to-path-1.0.0.tgz",
      "integrity": "sha512-0Zt+s3L7Vf1biwWZ29aARiVYLx7iMGnEUl9x33fbB/j3jR81u/O2LbqK+Bm1CDSNDKVtJ/YjwY7TUd5SkeLQLw=="
    },
    "node_modules/hfstol": {
      "version": "0.0.3",
      "resolved": "https://registry.npmjs.org/hfstol/-/hfstol-0.0.3.tgz",
      "integrity": "sha512-aA6f/UqjK/oAp0l0NofY/Baan2dMlVLtTlsAdZ8vPVFlsGg8V1UZpAhfI4lz/pNh5aKajIaz6KljJWMOefLyzw==",
      "hasInstallScript": true,
      "dependencies": {
        "@types/bindings": "^1.5.0",
        "bindings": "^1.5.0",
        "node-addon-api": "^3.2.1"
      }
    },
    "node_modules/node-addon-api": {
      "version": "3.2.1",
      "resolved": "https://registry.npmjs.org/node-addon-api/-/node-addon-api-3.2.1.tgz",
      "integrity": "sha512-mmcei9JghVNDYydghQmeDX8KoAm0FAiYyIcUt/N4nhyAipB17pllZQDOJD2fotxABnt4Mdz+dKTO7eftLg4d0A=="
    },
    "node_modules/sax": {
      "version": "1.2.4",
      "resolved": "https://registry.npmjs.org/sax/-/sax-1.2.4.tgz",
      "integrity": "sha512-NqVDv9TpANUjFm0N8uM5GxL36UgKi9/atZw+x7YFnQ8ckwFGKrl4xX4yWtrey3UJm5nP1kUbnYgLopqWNSRhWw=="
    },
    "node_modules/undici-types": {
      "version": "5.26.5",
      "resolved": "https://registry.npmjs.org/undici-types/-/undici-types-5.26.5.tgz",
      "integrity": "sha512-JlCMO+ehdEIKqlFxk6IfVoAUVmgz7cU7zD/h9XZ0qzeosSHmUJVOzSQvvYSYWXkFXC+IfLKSIffhv0sVZup6pA=="
    },
    "node_modules/xmldoc": {
      "version": "1.3.0",
      "resolved": "https://registry.npmjs.org/xmldoc/-/xmldoc-1.3.0.tgz",
      "integrity": "sha512-y7IRWW6PvEnYQZNZFMRLNJw+p3pezM4nKYPfr15g4OOW9i8VpeydycFuipE2297OvZnh3jSb2pxOt9QpkZUVng==",
      "dependencies": {
        "sax": "^1.2.4"
      }
    }
  }
}
